
Microsoft Visual Studio Solution File, Format Version 12.00
Project("{FAE04EC0-301F-11D3-BF4B-00C04F79EFBC}") = "PersianCat.Resume", "PersianCat.Resume\PersianCat.Resume.csproj", "{813947AA-7DED-40CD-940E-7973EDC2F8ED}"
EndProject
Global
	GlobalSection(SolutionConfigurationPlatforms) = preSolution
		Debug|Any CPU = Debug|Any CPU
		Release|Any CPU = Release|Any CPU
	EndGlobalSection
	GlobalSection(ProjectConfigurationPlatforms) = postSolution
		{813947AA-7DED-40CD-940E-7973EDC2F8ED}.Debug|Any CPU.ActiveCfg = Debug|Any CPU
		{813947AA-7DED-40CD-940E-7973EDC2F8ED}.Debug|Any CPU.Build.0 = Debug|Any CPU
		{813947AA-7DED-40CD-940E-7973EDC2F8ED}.Release|Any CPU.ActiveCfg = Release|Any CPU
		{813947AA-7DED-40CD-940E-7973EDC2F8ED}.Release|Any CPU.Build.0 = Release|Any CPU
	EndGlobalSection
EndGlobal
